
Microsoft Visual Studio Solution File, Format Version 12.00
# Visual Studio Version 16
VisualStudioVersion = 16.0.32602.291
MinimumVisualStudioVersion = 10.0.40219.1
Project("{FAE04EC0-301F-11D3-BF4B-00C04F79EFBC}") = "ComputerListing", "ComputerListing\ComputerListing.csproj", "{9745553A-E59D-4807-A2DC-E295054F2622}"
EndProject
Global
	GlobalSection(SolutionConfigurationPlatforms) = preSolution
		Debug|Any CPU = Debug|Any CPU
		Release|Any CPU = Release|Any CPU
	EndGlobalSection
	GlobalSection(ProjectConfigurationPlatforms) = postSolution
		{9745553A-E59D-4807-A2DC-E295054F2622}.Debug|Any CPU.ActiveCfg = Debug|Any CPU
		{9745553A-E59D-4807-A2DC-E295054F2622}.Debug|Any CPU.Build.0 = Debug|Any CPU
		{9745553A-E59D-4807-A2DC-E295054F2622}.Release|Any CPU.ActiveCfg = Release|Any CPU
		{9745553A-E59D-4807-A2DC-E295054F2622}.Release|Any CPU.Build.0 = Release|Any CPU
	EndGlobalSection
	GlobalSection(SolutionProperties) = preSolution
		HideSolutionNode = FALSE
	EndGlobalSection
	GlobalSection(ExtensibilityGlobals) = postSolution
		SolutionGuid = {854BED42-77D5-485C-9E47-22A3262816BD}
	EndGlobalSection
EndGlobal
